
Microsoft Visual Studio Solution File, Format Version 12.00
# Visual Studio Version 16
VisualStudioVersion = 16.0.30204.135
MinimumVisualStudioVersion = 10.0.40219.1
Project("{2150E333-8FDC-42A3-9474-1A3956D46DE8}") = "05表示层", "05表示层", "{5342D3D7-1450-4C48-B0D3-386DD73344CA}"
EndProject
Project("{2150E333-8FDC-42A3-9474-1A3956D46DE8}") = "01模型层", "01模型层", "{8D2AC24B-10CC-49BC-AB50-3F0B6AE3B607}"
EndProject
Project("{2150E333-8FDC-42A3-9474-1A3956D46DE8}") = "02数据访问层", "02数据访问层", "{C31EB3C3-FEBE-44A3-BC5E-9C782568B336}"
EndProject
Project("{2150E333-8FDC-42A3-9474-1A3956D46DE8}") = "03数据层入口", "03数据层入口", "{4F10689A-03FC-43E3-A29C-4757B1DC58F8}"
EndProject
Project("{2150E333-8FDC-42A3-9474-1A3956D46DE8}") = "04业务逻辑层", "04业务逻辑层", "{5AB637C7-2D76-43A9-AC8C-7D86826D5A39}"
EndProject
Project("{2150E333-8FDC-42A3-9474-1A3956D46DE8}") = "06公共类库", "06公共类库", "{C294303F-6E42-4320-B803-BC41ADB85B84}"
EndProject
Project("{2150E333-8FDC-42A3-9474-1A3956D46DE8}") = "07单元测试", "07单元测试", "{1CADABD4-3EDA-4C9B-8A0C-17203A6DBC37}"
EndProject
Project("{2150E333-8FDC-42A3-9474-1A3956D46DE8}") = "08工作流", "08工作流", "{74C88215-8D79-4098-B0B8-3A81B846E047}"
EndProject
Project("{FAE04EC0-301F-11D3-BF4B-00C04F79EFBC}") = "Common", "Common\Common.csproj", "{B06961A6-670A-4B11-9119-A59F73D61744}"
EndProject
Project("{FAE04EC0-301F-11D3-BF4B-00C04F79EFBC}") = "IDal", "IDal\IDal.csproj", "{1BE96CB3-676A-4FE0-A948-69D1970D2B09}"
EndProject
Project("{FAE04EC0-301F-11D3-BF4B-00C04F79EFBC}") = "Dal", "Dal\Dal.csproj", "{14809581-DEFB-462F-98E4-1A43926BBA38}"
EndProject
Project("{FAE04EC0-301F-11D3-BF4B-00C04F79EFBC}") = "IDbSession", "IDbSession\IDbSession.csproj", "{83E8A684-98D4-4C33-9A53-1D459F0DBC57}"
EndProject
Project("{FAE04EC0-301F-11D3-BF4B-00C04F79EFBC}") = "DbSession", "DbSession\DbSession.csproj", "{A704B15D-93C1-4AAA-A4B1-161045E269C4}"
EndProject
Project("{FAE04EC0-301F-11D3-BF4B-00C04F79EFBC}") = "BaseDbContext", "BaseDbContext\BaseDbContext.csproj", "{1D63812D-352C-443E-A247-37937E147B8A}"
EndProject
Project("{FAE04EC0-301F-11D3-BF4B-00C04F79EFBC}") = "DbContextFactory", "DbContextFactory\DbContextFactory.csproj", "{1B59D858-C9B4-4C2B-A764-B93901BDDF59}"
EndProject
Project("{FAE04EC0-301F-11D3-BF4B-00C04F79EFBC}") = "Models", "Models\Models.csproj", "{02EC3A03-87FD-4512-967D-2641CCF39D51}"
EndProject
Project("{FAE04EC0-301F-11D3-BF4B-00C04F79EFBC}") = "Web", "Web\Web.csproj", "{AE389031-6886-4F48-BC92-1E8E394BA2E5}"
EndProject
Project("{FAE04EC0-301F-11D3-BF4B-00C04F79EFBC}") = "IBll", "IBll\IBll.csproj", "{E7092C53-D8B6-466D-A1DB-3EEA268C8735}"
EndProject
Project("{FAE04EC0-301F-11D3-BF4B-00C04F79EFBC}") = "Bll", "Bll\Bll.csproj", "{3BF23ADA-F0CC-433D-B8F5-05050873F806}"
EndProject
Global
	GlobalSection(SolutionConfigurationPlatforms) = preSolution
		Debug|Any CPU = Debug|Any CPU
		Release|Any CPU = Release|Any CPU
	EndGlobalSection
	GlobalSection(ProjectConfigurationPlatforms) = postSolution
		{B06961A6-670A-4B11-9119-A59F73D61744}.Debug|Any CPU.ActiveCfg = Debug|Any CPU
		{B06961A6-670A-4B11-9119-A59F73D61744}.Debug|Any CPU.Build.0 = Debug|Any CPU
		{B06961A6-670A-4B11-9119-A59F73D61744}.Release|Any CPU.ActiveCfg = Release|Any CPU
		{B06961A6-670A-4B11-9119-A59F73D61744}.Release|Any CPU.Build.0 = Release|Any CPU
		{1BE96CB3-676A-4FE0-A948-69D1970D2B09}.Debug|Any CPU.ActiveCfg = Debug|Any CPU
		{1BE96CB3-676A-4FE0-A948-69D1970D2B09}.Debug|Any CPU.Build.0 = Debug|Any CPU
		{1BE96CB3-676A-4FE0-A948-69D1970D2B09}.Release|Any CPU.ActiveCfg = Release|Any CPU
		{1BE96CB3-676A-4FE0-A948-69D1970D2B09}.Release|Any CPU.Build.0 = Release|Any CPU
		{14809581-DEFB-462F-98E4-1A43926BBA38}.Debug|Any CPU.ActiveCfg = Debug|Any CPU
		{14809581-DEFB-462F-98E4-1A43926BBA38}.Debug|Any CPU.Build.0 = Debug|Any CPU
		{14809581-DEFB-462F-98E4-1A43926BBA38}.Release|Any CPU.ActiveCfg = Release|Any CPU
		{14809581-DEFB-462F-98E4-1A43926BBA38}.Release|Any CPU.Build.0 = Release|Any CPU
		{83E8A684-98D4-4C33-9A53-1D459F0DBC57}.Debug|Any CPU.ActiveCfg = Debug|Any CPU
		{83E8A684-98D4-4C33-9A53-1D459F0DBC57}.Debug|Any CPU.Build.0 = Debug|Any CPU
		{83E8A684-98D4-4C33-9A53-1D459F0DBC57}.Release|Any CPU.ActiveCfg = Release|Any CPU
		{83E8A684-98D4-4C33-9A53-1D459F0DBC57}.Release|Any CPU.Build.0 = Release|Any CPU
		{A704B15D-93C1-4AAA-A4B1-161045E269C4}.Debug|Any CPU.ActiveCfg = Debug|Any CPU
		{A704B15D-93C1-4AAA-A4B1-161045E269C4}.Debug|Any CPU.Build.0 = Debug|Any CPU
		{A704B15D-93C1-4AAA-A4B1-161045E269C4}.Release|Any CPU.ActiveCfg = Release|Any CPU
		{A704B15D-93C1-4AAA-A4B1-161045E269C4}.Release|Any CPU.Build.0 = Release|Any CPU
		{1D63812D-352C-443E-A247-37937E147B8A}.Debug|Any CPU.ActiveCfg = Debug|Any CPU
		{1D63812D-352C-443E-A247-37937E147B8A}.Debug|Any CPU.Build.0 = Debug|Any CPU
		{1D63812D-352C-443E-A247-37937E147B8A}.Release|Any CPU.ActiveCfg = Release|Any CPU
		{1D63812D-352C-443E-A247-37937E147B8A}.Release|Any CPU.Build.0 = Release|Any CPU
		{1B59D858-C9B4-4C2B-A764-B93901BDDF59}.Debug|Any CPU.ActiveCfg = Debug|Any CPU
		{1B59D858-C9B4-4C2B-A764-B93901BDDF59}.Debug|Any CPU.Build.0 = Debug|Any CPU
		{1B59D858-C9B4-4C2B-A764-B93901BDDF59}.Release|Any CPU.ActiveCfg = Release|Any CPU
		{1B59D858-C9B4-4C2B-A764-B93901BDDF59}.Release|Any CPU.Build.0 = Release|Any CPU
		{02EC3A03-87FD-4512-967D-2641CCF39D51}.Debug|Any CPU.ActiveCfg = Debug|Any CPU
		{02EC3A03-87FD-4512-967D-2641CCF39D51}.Debug|Any CPU.Build.0 = Debug|Any CPU
		{02EC3A03-87FD-4512-967D-2641CCF39D51}.Release|Any CPU.ActiveCfg = Release|Any CPU
		{02EC3A03-87FD-4512-967D-2641CCF39D51}.Release|Any CPU.Build.0 = Release|Any CPU
		{AE389031-6886-4F48-BC92-1E8E394BA2E5}.Debug|Any CPU.ActiveCfg = Debug|Any CPU
		{AE389031-6886-4F48-BC92-1E8E394BA2E5}.Debug|Any CPU.Build.0 = Debug|Any CPU
		{AE389031-6886-4F48-BC92-1E8E394BA2E5}.Release|Any CPU.ActiveCfg = Release|Any CPU
		{AE389031-6886-4F48-BC92-1E8E394BA2E5}.Release|Any CPU.Build.0 = Release|Any CPU
		{E7092C53-D8B6-466D-A1DB-3EEA268C8735}.Debug|Any CPU.ActiveCfg = Debug|Any CPU
		{E7092C53-D8B6-466D-A1DB-3EEA268C8735}.Debug|Any CPU.Build.0 = Debug|Any CPU
		{E7092C53-D8B6-466D-A1DB-3EEA268C8735}.Release|Any CPU.ActiveCfg = Release|Any CPU
		{E7092C53-D8B6-466D-A1DB-3EEA268C8735}.Release|Any CPU.Build.0 = Release|Any CPU
		{3BF23ADA-F0CC-433D-B8F5-05050873F806}.Debug|Any CPU.ActiveCfg = Debug|Any CPU
		{3BF23ADA-F0CC-433D-B8F5-05050873F806}.Debug|Any CPU.Build.0 = Debug|Any CPU
		{3BF23ADA-F0CC-433D-B8F5-05050873F806}.Release|Any CPU.ActiveCfg = Release|Any CPU
		{3BF23ADA-F0CC-433D-B8F5-05050873F806}.Release|Any CPU.Build.0 = Release|Any CPU
	EndGlobalSection
	GlobalSection(SolutionProperties) = preSolution
		HideSolutionNode = FALSE
	EndGlobalSection
	GlobalSection(NestedProjects) = preSolution
		{B06961A6-670A-4B11-9119-A59F73D61744} = {C294303F-6E42-4320-B803-BC41ADB85B84}
		{1BE96CB3-676A-4FE0-A948-69D1970D2B09} = {C31EB3C3-FEBE-44A3-BC5E-9C782568B336}
		{14809581-DEFB-462F-98E4-1A43926BBA38} = {C31EB3C3-FEBE-44A3-BC5E-9C782568B336}
		{83E8A684-98D4-4C33-9A53-1D459F0DBC57} = {4F10689A-03FC-43E3-A29C-4757B1DC58F8}
		{A704B15D-93C1-4AAA-A4B1-161045E269C4} = {4F10689A-03FC-43E3-A29C-4757B1DC58F8}
		{1D63812D-352C-443E-A247-37937E147B8A} = {C31EB3C3-FEBE-44A3-BC5E-9C782568B336}
		{1B59D858-C9B4-4C2B-A764-B93901BDDF59} = {C31EB3C3-FEBE-44A3-BC5E-9C782568B336}
		{02EC3A03-87FD-4512-967D-2641CCF39D51} = {8D2AC24B-10CC-49BC-AB50-3F0B6AE3B607}
		{AE389031-6886-4F48-BC92-1E8E394BA2E5} = {5342D3D7-1450-4C48-B0D3-386DD73344CA}
		{E7092C53-D8B6-466D-A1DB-3EEA268C8735} = {5AB637C7-2D76-43A9-AC8C-7D86826D5A39}
		{3BF23ADA-F0CC-433D-B8F5-05050873F806} = {5AB637C7-2D76-43A9-AC8C-7D86826D5A39}
	EndGlobalSection
	GlobalSection(ExtensibilityGlobals) = postSolution
		SolutionGuid = {46584BB8-3ABF-46E6-B67A-5ACE671A393D}
	EndGlobalSection
EndGlobal
